
Microsoft Visual Studio Solution File, Format Version 12.00
# Visual Studio 15
VisualStudioVersion = 15.0.28307.168
MinimumVisualStudioVersion = 10.0.40219.1
Project("{FAE04EC0-301F-11D3-BF4B-00C04F79EFBC}") = "SimpleSudokuSolver", "SimpleSudokuSolver\SimpleSudokuSolver.csproj", "{216CDBF9-EB20-4DC9-84BF-2B338A88C8C3}"
EndProject
Project("{FAE04EC0-301F-11D3-BF4B-00C04F79EFBC}") = "SimpleSudokuSolver.Tests", "SimpleSudokuSolver.Tests\SimpleSudokuSolver.Tests.csproj", "{A13AE41A-9D0D-4161-BF1D-BBC0CA3FBCE5}"
EndProject
Global
	GlobalSection(SolutionConfigurationPlatforms) = preSolution
		Debug|Any CPU = Debug|Any CPU
		Release|Any CPU = Release|Any CPU
	EndGlobalSection
	GlobalSection(ProjectConfigurationPlatforms) = postSolution
		{216CDBF9-EB20-4DC9-84BF-2B338A88C8C3}.Debug|Any CPU.ActiveCfg = Debug|Any CPU
		{216CDBF9-EB20-4DC9-84BF-2B338A88C8C3}.Debug|Any CPU.Build.0 = Debug|Any CPU
		{216CDBF9-EB20-4DC9-84BF-2B338A88C8C3}.Release|Any CPU.ActiveCfg = Release|Any CPU
		{216CDBF9-EB20-4DC9-84BF-2B338A88C8C3}.Release|Any CPU.Build.0 = Release|Any CPU
		{A13AE41A-9D0D-4161-BF1D-BBC0CA3FBCE5}.Debug|Any CPU.ActiveCfg = Debug|Any CPU
		{A13AE41A-9D0D-4161-BF1D-BBC0CA3FBCE5}.Debug|Any CPU.Build.0 = Debug|Any CPU
		{A13AE41A-9D0D-4161-BF1D-BBC0CA3FBCE5}.Release|Any CPU.ActiveCfg = Release|Any CPU
		{A13AE41A-9D0D-4161-BF1D-BBC0CA3FBCE5}.Release|Any CPU.Build.0 = Release|Any CPU
	EndGlobalSection
	GlobalSection(SolutionProperties) = preSolution
		HideSolutionNode = FALSE
	EndGlobalSection
	GlobalSection(ExtensibilityGlobals) = postSolution
		SolutionGuid = {81D9ADC6-4CD6-4DD0-BA3D-D170A5D5B621}
	EndGlobalSection
EndGlobal
